
Microsoft Visual Studio Solution File, Format Version 12.00
# Visual Studio Version 16
VisualStudioVersion = 16.0.31911.196
MinimumVisualStudioVersion = 10.0.40219.1
Project("{FAE04EC0-301F-11D3-BF4B-00C04F79EFBC}") = "DiamondKataTest", "DiamondKataTest.csproj", "{80C2D4BA-8EF1-47D7-AA4B-EA7DF4553B38}"
EndProject
Global
	GlobalSection(SolutionConfigurationPlatforms) = preSolution
		Debug|Any CPU = Debug|Any CPU
		Release|Any CPU = Release|Any CPU
	EndGlobalSection
	GlobalSection(ProjectConfigurationPlatforms) = postSolution
		{80C2D4BA-8EF1-47D7-AA4B-EA7DF4553B38}.Debug|Any CPU.ActiveCfg = Debug|Any CPU
		{80C2D4BA-8EF1-47D7-AA4B-EA7DF4553B38}.Debug|Any CPU.Build.0 = Debug|Any CPU
		{80C2D4BA-8EF1-47D7-AA4B-EA7DF4553B38}.Release|Any CPU.ActiveCfg = Release|Any CPU
		{80C2D4BA-8EF1-47D7-AA4B-EA7DF4553B38}.Release|Any CPU.Build.0 = Release|Any CPU
	EndGlobalSection
	GlobalSection(SolutionProperties) = preSolution
		HideSolutionNode = FALSE
	EndGlobalSection
	GlobalSection(ExtensibilityGlobals) = postSolution
		SolutionGuid = {19A0DEF9-C04A-40C5-AD1D-F4BBB5625988}
	EndGlobalSection
EndGlobal
